PODS:
  - Alamofire (4.8.2)
  - HCFramework (1.2.12)
  - HCMapInfoView (1.0.0):
    - HCFramework
  - Kingfisher (5.7.1)
  - M13Checkbox (3.3.2)
  - MapCache (0.6.0)
  - Reachability (3.2)
  - SwifterSwift (5.0.0):
    - SwifterSwift/AppKit (= 5.0.0)
    - SwifterSwift/CoreGraphics (= 5.0.0)
    - SwifterSwift/CoreLocation (= 5.0.0)
    - SwifterSwift/Dispatch (= 5.0.0)
    - SwifterSwift/Foundation (= 5.0.0)
    - SwifterSwift/MapKit (= 5.0.0)
    - SwifterSwift/SpriteKit (= 5.0.0)
    - SwifterSwift/SwiftStdlib (= 5.0.0)
    - SwifterSwift/UIKit (= 5.0.0)
  - SwifterSwift/AppKit (5.0.0)
  - SwifterSwift/CoreGraphics (5.0.0)
  - SwifterSwift/CoreLocation (5.0.0)
  - SwifterSwift/Dispatch (5.0.0)
  - SwifterSwift/Foundation (5.0.0)
  - SwifterSwift/MapKit (5.0.0)
  - SwifterSwift/SpriteKit (5.0.0)
  - SwifterSwift/SwiftStdlib (5.0.0)
  - SwifterSwift/UIKit (5.0.0)

DEPENDENCIES:
  - Alamofire
  - HCMapInfoView
  - Kingfisher (~> 5.7.0)
  - M13Checkbox
  - MapCache
  - Reachability
  - SwifterSwift

SPEC REPOS:
  https://github.com/cocoapods/specs.git:
    - Alamofire
    - HCFramework
    - HCMapInfoView
    - Kingfisher
    - M13Checkbox
    - MapCache
    - Reachability
    - SwifterSwift

SPEC CHECKSUMS:
  Alamofire: ae5c501addb7afdbb13687d7f2f722c78734c2d3
  HCFramework: 9b1e47cb7f82ecc926eef4f6257f97f3117aa503
  HCMapInfoView: 7613d773f231920a8f75d844bcdf402b5f9b6e56
  Kingfisher: 176d377ad339113c99ad4980cbae687f807e20fe
  M13Checkbox: d75dca81d61c9903e7f091f32b35a3254bc97dce
  MapCache: 8afa98ddc3539a384ba75b019284cded95aaccab
  Reachability: 33e18b67625424e47b6cde6d202dce689ad7af96
  SwifterSwift: 96f90594b370802f01647c2b1229c74a84ffafee

PODFILE CHECKSUM: 9ece79bb4b8c4c725b9cbd15a8190853d8557272

COCOAPODS: 1.6.1
